<?xml version="1.0" encoding="utf-8"?>
<Project ToolsVersion="4.0" xmlns="http://schemas.microsoft.com/developer/msbuild/2003">
  <ItemGroup>
    <Filter Include="Source Files">
      <UniqueIdentifier>{4FC737F1-C7A5-4376-A066-2A32D752A2FF}</UniqueIdentifier>
      <Extensions>cpp;c;cc;cxx;def;odl;idl;hpj;bat;asm;asmx</Extensions>
    </Filter>
    <Filter Include="Header Files">
      <UniqueIdentifier>{93995380-89BD-4b04-88EB-625FBE52EBFB}</UniqueIdentifier>
      <Extensions>h;hpp;hxx;hm;inl;inc;xsd</Extensions>
    </Filter>
    <Filter Include="Resource Files">
      <UniqueIdentifier>{67DA6AB6-F800-4c08-8B7A-83BB121AAD01}</UniqueIdentifier>
      <Extensions>rc;ico;cur;bmp;dlg;rc2;rct;bin;rgs;gif;jpg;jpeg;jpe;resx;tiff;tif;png;wav</Extensions>
    </Filter>
  </ItemGroup>
  <ItemGroup>
    <ClCompile Include="bmp.cpp">
      <Filter>Source Files</Filter>
    </ClCompile>
    <ClCompile Include="CAR.cpp">
      <Filter>Source Files</Filter>
    </ClCompile>
    <ClCompile Include="CDataPool.cpp">
      <Filter>Source Files</Filter>
    </ClCompile>
    <ClCompile Include="CGraphicsManager.cpp">
      <Filter>Source Files</Filter>
    </ClCompile>
    <ClCompile Include="Communication.cpp">
      <Filter>Source Files</Filter>
    </ClCompile>
    <ClCompile Include="CPPI.cpp">
      <Filter>Source Files</Filter>
    </ClCompile>
    <ClCompile Include="CRadarDisplay.cpp">
      <Filter>Source Files</Filter>
    </ClCompile>
    <ClCompile Include="CWindowsManager.cpp">
      <Filter>Source Files</Filter>
    </ClCompile>
    <ClCompile Include="CYH.cpp">
      <Filter>Source Files</Filter>
    </ClCompile>
    <ClCompile Include="ML_GVIDMW.cpp">
      <Filter>Source Files</Filter>
    </ClCompile>
    <ClCompile Include="mycolor.cpp">
      <Filter>Source Files</Filter>
    </ClCompile>
    <ClCompile Include="netRadar.cpp">
      <Filter>Source Files</Filter>
    </ClCompile>
    <ClCompile Include="NewDataRecver.cpp">
      <Filter>Source Files</Filter>
    </ClCompile>
    <ClCompile Include="stdafx.cpp">
      <Filter>Source Files</Filter>
    </ClCompile>
    <ClCompile Include="main.cpp">
      <Filter>Source Files</Filter>
    </ClCompile>
  </ItemGroup>
  <ItemGroup>
    <ClInclude Include="bmp.h">
      <Filter>Header Files</Filter>
    </ClInclude>
    <ClInclude Include="CAR.h">
      <Filter>Header Files</Filter>
    </ClInclude>
    <ClInclude Include="CDataPool.h">
      <Filter>Header Files</Filter>
    </ClInclude>
    <ClInclude Include="CGraphicsManager.h">
      <Filter>Header Files</Filter>
    </ClInclude>
    <ClInclude Include="Communication.h">
      <Filter>Header Files</Filter>
    </ClInclude>
    <ClInclude Include="CPPI.h">
      <Filter>Header Files</Filter>
    </ClInclude>
    <ClInclude Include="CRadarDisplay.h">
      <Filter>Header Files</Filter>
    </ClInclude>
    <ClInclude Include="CWindowsManager.h">
      <Filter>Header Files</Filter>
    </ClInclude>
    <ClInclude Include="CYH.h">
      <Filter>Header Files</Filter>
    </ClInclude>
    <ClInclude Include="GLWindow.h">
      <Filter>Header Files</Filter>
    </ClInclude>
    <ClInclude Include="ML_GVIDMW.h">
      <Filter>Header Files</Filter>
    </ClInclude>
    <ClInclude Include="ML_GVIDMW_sys.h">
      <Filter>Header Files</Filter>
    </ClInclude>
    <ClInclude Include="mycolor.h">
      <Filter>Header Files</Filter>
    </ClInclude>
    <ClInclude Include="netRadar.h">
      <Filter>Header Files</Filter>
    </ClInclude>
    <ClInclude Include="NewDataRecver.h">
      <Filter>Header Files</Filter>
    </ClInclude>
    <ClInclude Include="ppidef.h">
      <Filter>Header Files</Filter>
    </ClInclude>
    <ClInclude Include="Resource.h">
      <Filter>Header Files</Filter>
    </ClInclude>
    <ClInclude Include="stdafx.h">
      <Filter>Header Files</Filter>
    </ClInclude>
  </ItemGroup>
</Project>